
Microsoft Visual Studio Solution File, Format Version 12.00
# Visual Studio Version 17
VisualStudioVersion = 17.4.33213.308
MinimumVisualStudioVersion = 10.0.40219.1
Project("{FAE04EC0-301F-11D3-BF4B-00C04F79EFBC}") = "WebApplication1", "WebApplication1\WebApplication1.csproj", "{7DCFCAA2-1955-44A3-91D3-AB518F96BB8C}"
EndProject
Global
	GlobalSection(SolutionConfigurationPlatforms) = preSolution
		Debug|Any CPU = Debug|Any CPU
		Release|Any CPU = Release|Any CPU
	EndGlobalSection
	GlobalSection(ProjectConfigurationPlatforms) = postSolution
		{7DCFCAA2-1955-44A3-91D3-AB518F96BB8C}.Debug|Any CPU.ActiveCfg = Debug|Any CPU
		{7DCFCAA2-1955-44A3-91D3-AB518F96BB8C}.Debug|Any CPU.Build.0 = Debug|Any CPU
		{7DCFCAA2-1955-44A3-91D3-AB518F96BB8C}.Release|Any CPU.ActiveCfg = Release|Any CPU
		{7DCFCAA2-1955-44A3-91D3-AB518F96BB8C}.Release|Any CPU.Build.0 = Release|Any CPU
	EndGlobalSection
	GlobalSection(SolutionProperties) = preSolution
		HideSolutionNode = FALSE
	EndGlobalSection
	GlobalSection(ExtensibilityGlobals) = postSolution
		SolutionGuid = {5D6D90D9-CF99-4E2B-BF3E-D1A03B3C37C8}
	EndGlobalSection
EndGlobal
